
Microsoft Visual Studio Solution File, Format Version 12.00
# Visual Studio Version 16
VisualStudioVersion = 16.0.28729.10
MinimumVisualStudioVersion = 10.0.40219.1
Project("{FAE04EC0-301F-11D3-BF4B-00C04F79EFBC}") = "HealthCheckHostedService", "HealthCheckHostedService\HealthCheckHostedService.csproj", "{7BD551B3-6CBC-442C-A1D7-1DE5BD37263C}"
EndProject
Global
	GlobalSection(SolutionConfigurationPlatforms) = preSolution
		Debug|Any CPU = Debug|Any CPU
		Release|Any CPU = Release|Any CPU
	EndGlobalSection
	GlobalSection(ProjectConfigurationPlatforms) = postSolution
		{7BD551B3-6CBC-442C-A1D7-1DE5BD37263C}.Debug|Any CPU.ActiveCfg = Debug|Any CPU
		{7BD551B3-6CBC-442C-A1D7-1DE5BD37263C}.Debug|Any CPU.Build.0 = Debug|Any CPU
		{7BD551B3-6CBC-442C-A1D7-1DE5BD37263C}.Release|Any CPU.ActiveCfg = Release|Any CPU
		{7BD551B3-6CBC-442C-A1D7-1DE5BD37263C}.Release|Any CPU.Build.0 = Release|Any CPU
	EndGlobalSection
	GlobalSection(SolutionProperties) = preSolution
		HideSolutionNode = FALSE
	EndGlobalSection
	GlobalSection(ExtensibilityGlobals) = postSolution
		SolutionGuid = {4E758FDB-0870-40C0-AE83-F380FD9D8548}
	EndGlobalSection
EndGlobal
