
Microsoft Visual Studio Solution File, Format Version 12.00
# Visual Studio Version 16
VisualStudioVersion = 16.0.29613.14
MinimumVisualStudioVersion = 10.0.40219.1
Project("{9A19103F-16F7-4668-BE54-9A1E7A4F7556}") = "HealthCheckHostedService", "src\HealthCheckHostedService\HealthCheckHostedService.csproj", "{87CE7D08-D60A-4FC9-9296-86EE0D22026E}"
EndProject
Global
	GlobalSection(SolutionConfigurationPlatforms) = preSolution
		Debug|Any CPU = Debug|Any CPU
		Release|Any CPU = Release|Any CPU
	EndGlobalSection
	GlobalSection(ProjectConfigurationPlatforms) = postSolution
		{87CE7D08-D60A-4FC9-9296-86EE0D22026E}.Debug|Any CPU.ActiveCfg = Debug|Any CPU
		{87CE7D08-D60A-4FC9-9296-86EE0D22026E}.Debug|Any CPU.Build.0 = Debug|Any CPU
		{87CE7D08-D60A-4FC9-9296-86EE0D22026E}.Release|Any CPU.ActiveCfg = Release|Any CPU
		{87CE7D08-D60A-4FC9-9296-86EE0D22026E}.Release|Any CPU.Build.0 = Release|Any CPU
	EndGlobalSection
	GlobalSection(SolutionProperties) = preSolution
		HideSolutionNode = FALSE
	EndGlobalSection
	GlobalSection(ExtensibilityGlobals) = postSolution
		SolutionGuid = {FE673EDE-907A-4623-8E42-4641824127FE}
	EndGlobalSection
EndGlobal
